
Microsoft Visual Studio Solution File, Format Version 12.00
# Visual Studio Version 16
VisualStudioVersion = 16.0.31105.61
MinimumVisualStudioVersion = 10.0.40219.1
Project("{9A19103F-16F7-4668-BE54-9A1E7A4F7556}") = "ConsoleApp1", "ConsoleApp1.csproj", "{79681BEB-68FE-45EA-AB02-D8715155C118}"
EndProject
Project("{9A19103F-16F7-4668-BE54-9A1E7A4F7556}") = "ConsoleApp2", "..\ConsoleApp2\ConsoleApp2.csproj", "{6392015F-AB1A-4F8D-B99C-E7621E40323B}"
EndProject
Project("{9A19103F-16F7-4668-BE54-9A1E7A4F7556}") = "ConsoleApp3", "..\ConsoleApp3\ConsoleApp3.csproj", "{6116C62D-6EE4-40AD-B2EA-56030334316C}"
EndProject
Global
	GlobalSection(SolutionConfigurationPlatforms) = preSolution
		Debug|Any CPU = Debug|Any CPU
		Release|Any CPU = Release|Any CPU
	EndGlobalSection
	GlobalSection(ProjectConfigurationPlatforms) = postSolution
		{79681BEB-68FE-45EA-AB02-D8715155C118}.Debug|Any CPU.ActiveCfg = Debug|Any CPU
		{79681BEB-68FE-45EA-AB02-D8715155C118}.Debug|Any CPU.Build.0 = Debug|Any CPU
		{79681BEB-68FE-45EA-AB02-D8715155C118}.Release|Any CPU.ActiveCfg = Release|Any CPU
		{79681BEB-68FE-45EA-AB02-D8715155C118}.Release|Any CPU.Build.0 = Release|Any CPU
		{6392015F-AB1A-4F8D-B99C-E7621E40323B}.Debug|Any CPU.ActiveCfg = Debug|Any CPU
		{6392015F-AB1A-4F8D-B99C-E7621E40323B}.Debug|Any CPU.Build.0 = Debug|Any CPU
		{6392015F-AB1A-4F8D-B99C-E7621E40323B}.Release|Any CPU.ActiveCfg = Release|Any CPU
		{6392015F-AB1A-4F8D-B99C-E7621E40323B}.Release|Any CPU.Build.0 = Release|Any CPU
		{6116C62D-6EE4-40AD-B2EA-56030334316C}.Debug|Any CPU.ActiveCfg = Debug|Any CPU
		{6116C62D-6EE4-40AD-B2EA-56030334316C}.Debug|Any CPU.Build.0 = Debug|Any CPU
		{6116C62D-6EE4-40AD-B2EA-56030334316C}.Release|Any CPU.ActiveCfg = Release|Any CPU
		{6116C62D-6EE4-40AD-B2EA-56030334316C}.Release|Any CPU.Build.0 = Release|Any CPU
	EndGlobalSection
	GlobalSection(SolutionProperties) = preSolution
		HideSolutionNode = FALSE
	EndGlobalSection
	GlobalSection(ExtensibilityGlobals) = postSolution
		SolutionGuid = {BE45EBAA-645C-41A0-BB9B-31EA49FB46CB}
	EndGlobalSection
EndGlobal
